
Microsoft Visual Studio Solution File, Format Version 12.00
# Visual Studio Version 16
VisualStudioVersion = 16.0.31729.503
MinimumVisualStudioVersion = 10.0.40219.1
Project("{FAE04EC0-301F-11D3-BF4B-00C04F79EFBC}") = "Lab1.4", "Lab1.4.csproj", "{A95E0B27-7845-4D53-9EF4-62BA40535B23}"
EndProject
Global
	GlobalSection(SolutionConfigurationPlatforms) = preSolution
		Debug|Any CPU = Debug|Any CPU
		Release|Any CPU = Release|Any CPU
	EndGlobalSection
	GlobalSection(ProjectConfigurationPlatforms) = postSolution
		{A95E0B27-7845-4D53-9EF4-62BA40535B23}.Debug|Any CPU.ActiveCfg = Debug|Any CPU
		{A95E0B27-7845-4D53-9EF4-62BA40535B23}.Debug|Any CPU.Build.0 = Debug|Any CPU
		{A95E0B27-7845-4D53-9EF4-62BA40535B23}.Release|Any CPU.ActiveCfg = Release|Any CPU
		{A95E0B27-7845-4D53-9EF4-62BA40535B23}.Release|Any CPU.Build.0 = Release|Any CPU
	EndGlobalSection
	GlobalSection(SolutionProperties) = preSolution
		HideSolutionNode = FALSE
	EndGlobalSection
	GlobalSection(ExtensibilityGlobals) = postSolution
		SolutionGuid = {2FC89D6B-F35F-4D27-A84F-0D82ED06502C}
	EndGlobalSection
EndGlobal
